
Microsoft Visual Studio Solution File, Format Version 12.00
# Visual Studio Version 17
VisualStudioVersion = 17.11.35312.102
MinimumVisualStudioVersion = 10.0.40219.1
Project("{9A19103F-16F7-4668-BE54-9A1E7A4F7556}") = "Improv", "Improv\Improv.csproj", "{62258027-C757-4699-BC09-C0C63BC188D2}"
EndProject
Project("{FAE04EC0-301F-11D3-BF4B-00C04F79EFBC}") = "Data", "Data\Data.csproj", "{C936CEF9-59E6-4D5F-86D8-9257C9626627}"
EndProject
Project("{FAE04EC0-301F-11D3-BF4B-00C04F79EFBC}") = "GameEditor", "GameEditor\GameEditor.csproj", "{C9E14701-20C6-4671-BE59-B82FAC22A1F2}"
EndProject
Global
	GlobalSection(SolutionConfigurationPlatforms) = preSolution
		Debug|Any CPU = Debug|Any CPU
		Release|Any CPU = Release|Any CPU
	EndGlobalSection
	GlobalSection(ProjectConfigurationPlatforms) = postSolution
		{62258027-C757-4699-BC09-C0C63BC188D2}.Debug|Any CPU.ActiveCfg = Debug|Any CPU
		{62258027-C757-4699-BC09-C0C63BC188D2}.Debug|Any CPU.Build.0 = Debug|Any CPU
		{62258027-C757-4699-BC09-C0C63BC188D2}.Release|Any CPU.ActiveCfg = Release|Any CPU
		{62258027-C757-4699-BC09-C0C63BC188D2}.Release|Any CPU.Build.0 = Release|Any CPU
		{C936CEF9-59E6-4D5F-86D8-9257C9626627}.Debug|Any CPU.ActiveCfg = Debug|Any CPU
		{C936CEF9-59E6-4D5F-86D8-9257C9626627}.Debug|Any CPU.Build.0 = Debug|Any CPU
		{C936CEF9-59E6-4D5F-86D8-9257C9626627}.Release|Any CPU.ActiveCfg = Release|Any CPU
		{C936CEF9-59E6-4D5F-86D8-9257C9626627}.Release|Any CPU.Build.0 = Release|Any CPU
		{C9E14701-20C6-4671-BE59-B82FAC22A1F2}.Debug|Any CPU.ActiveCfg = Debug|Any CPU
		{C9E14701-20C6-4671-BE59-B82FAC22A1F2}.Debug|Any CPU.Build.0 = Debug|Any CPU
		{C9E14701-20C6-4671-BE59-B82FAC22A1F2}.Release|Any CPU.ActiveCfg = Release|Any CPU
		{C9E14701-20C6-4671-BE59-B82FAC22A1F2}.Release|Any CPU.Build.0 = Release|Any CPU
	EndGlobalSection
	GlobalSection(SolutionProperties) = preSolution
		HideSolutionNode = FALSE
	EndGlobalSection
	GlobalSection(ExtensibilityGlobals) = postSolution
		SolutionGuid = {45505079-DF59-4FC9-B6CB-B1F556AE9395}
	EndGlobalSection
EndGlobal
